// !$*UTF8*$!
{
	archiveVersion = 1;
	classes = {
	};
	objectVersion = 56;
	objects = {

/* Begin PBXBuildFile section */
		48C66A16293DC7E700CFC4AA /* LoginView.swift in Sources */ = {isa = PBXBuildFile; fileRef = 48C66A15293DC7E700CFC4AA /* LoginView.swift */; };
		48C66A32293EBF1300CFC4AA /* WelcomeView.swift in Sources */ = {isa = PBXBuildFile; fileRef = 48C66A31293EBF1300CFC4AA /* WelcomeView.swift */; };
		B41AD513293D1FDC000FC583 /* AuthenticationService.swift in Sources */ = {isa = PBXBuildFile; fileRef = B41AD512293D1FDB000FC583 /* AuthenticationService.swift */; };
		B41AD515293D2171000FC583 /* AuthenticationView.swift in Sources */ = {isa = PBXBuildFile; fileRef = B41AD514293D2171000FC583 /* AuthenticationView.swift */; };
		B41AD518293D22FF000FC583 /* FirebaseAuth in Frameworks */ = {isa = PBXBuildFile; productRef = B41AD517293D22FF000FC583 /* FirebaseAuth */; };
		B41AD51A293D22FF000FC583 /* FirebaseAuthCombine-Community in Frameworks */ = {isa = PBXBuildFile; productRef = B41AD519293D22FF000FC583 /* FirebaseAuthCombine-Community */; };
		B41AD51C293D22FF000FC583 /* FirebaseFirestore in Frameworks */ = {isa = PBXBuildFile; productRef = B41AD51B293D22FF000FC583 /* FirebaseFirestore */; };
		B41AD51E293D22FF000FC583 /* FirebaseFirestoreCombine-Community in Frameworks */ = {isa = PBXBuildFile; productRef = B41AD51D293D22FF000FC583 /* FirebaseFirestoreCombine-Community */; };
		B41AD520293D22FF000FC583 /* FirebaseFirestoreSwift in Frameworks */ = {isa = PBXBuildFile; productRef = B41AD51F293D22FF000FC583 /* FirebaseFirestoreSwift */; };
		B41AD522293D238D000FC583 /* GoogleService-Info.plist in Resources */ = {isa = PBXBuildFile; fileRef = B41AD521293D238C000FC583 /* GoogleService-Info.plist */; };
		B453D823293D15350043B3EF /* CustomCell.swift in Sources */ = {isa = PBXBuildFile; fileRef = B453D81F293D15350043B3EF /* CustomCell.swift */; };
		B453D829293D182B0043B3EF /* CartView.swift in Sources */ = {isa = PBXBuildFile; fileRef = B453D828293D182B0043B3EF /* CartView.swift */; };
		B453D82B293D18480043B3EF /* FoodPantryView.swift in Sources */ = {isa = PBXBuildFile; fileRef = B453D82A293D18480043B3EF /* FoodPantryView.swift */; };
		B453D82D293D189A0043B3EF /* SummaryView.swift in Sources */ = {isa = PBXBuildFile; fileRef = B453D82C293D189A0043B3EF /* SummaryView.swift */; };
		B47B527729380AE400581AC6 /* Bear_MarketApp.swift in Sources */ = {isa = PBXBuildFile; fileRef = B47B527629380AE400581AC6 /* Bear_MarketApp.swift */; };
		B47B527929380AE400581AC6 /* ContentView.swift in Sources */ = {isa = PBXBuildFile; fileRef = B47B527829380AE400581AC6 /* ContentView.swift */; };
		B47B527B29380AE600581AC6 /* Assets.xcassets in Resources */ = {isa = PBXBuildFile; fileRef = B47B527A29380AE600581AC6 /* Assets.xcassets */; };
		B47B527E29380AE600581AC6 /* Preview Assets.xcassets in Resources */ = {isa = PBXBuildFile; fileRef = B47B527D29380AE600581AC6 /* Preview Assets.xcassets */; };
		B4C529EF293ECAB7004BF323 /* LoginButton.swift in Sources */ = {isa = PBXBuildFile; fileRef = B4C529EE293ECAB7004BF323 /* LoginButton.swift */; };
		B4C529F1293ECB71004BF323 /* MainView.swift in Sources */ = {isa = PBXBuildFile; fileRef = B4C529F0293ECB71004BF323 /* MainView.swift */; };
/* End PBXBuildFile section */

/* Begin PBXFileReference section */
		48C66A15293DC7E700CFC4AA /* LoginView.swift */ = {isa = PBXFileReference; lastKnownFileType = sourcecode.swift; path = LoginView.swift; sourceTree = "<group>"; };
		48C66A31293EBF1300CFC4AA /* WelcomeView.swift */ = {isa = PBXFileReference; lastKnownFileType = sourcecode.swift; path = WelcomeView.swift; sourceTree = "<group>"; };
		B41AD512293D1FDB000FC583 /* AuthenticationService.swift */ = {isa = PBXFileReference; lastKnownFileType = sourcecode.swift; path = AuthenticationService.swift; sourceTree = "<group>"; };
		B41AD514293D2171000FC583 /* AuthenticationView.swift */ = {isa = PBXFileReference; lastKnownFileType = sourcecode.swift; path = AuthenticationView.swift; sourceTree = "<group>"; };
		B41AD521293D238C000FC583 /* GoogleService-Info.plist */ = {isa = PBXFileReference; fileEncoding = 4; lastKnownFileType = text.plist.xml; path = "GoogleService-Info.plist"; sourceTree = "<group>"; };
		B453D81F293D15350043B3EF /* CustomCell.swift */ = {isa = PBXFileReference; fileEncoding = 4; lastKnownFileType = sourcecode.swift; path = CustomCell.swift; sourceTree = "<group>"; };
		B453D828293D182B0043B3EF /* CartView.swift */ = {isa = PBXFileReference; lastKnownFileType = sourcecode.swift; path = CartView.swift; sourceTree = "<group>"; };
		B453D82A293D18480043B3EF /* FoodPantryView.swift */ = {isa = PBXFileReference; lastKnownFileType = sourcecode.swift; path = FoodPantryView.swift; sourceTree = "<group>"; };
		B453D82C293D189A0043B3EF /* SummaryView.swift */ = {isa = PBXFileReference; lastKnownFileType = sourcecode.swift; path = SummaryView.swift; sourceTree = "<group>"; };
		B47B527329380AE400581AC6 /* Bear Market.app */ = {isa = PBXFileReference; explicitFileType = wrapper.application; includeInIndex = 0; path = "Bear Market.app"; sourceTree = BUILT_PRODUCTS_DIR; };
		B47B527629380AE400581AC6 /* Bear_MarketApp.swift */ = {isa = PBXFileReference; lastKnownFileType = sourcecode.swift; path = Bear_MarketApp.swift; sourceTree = "<group>"; };
		B47B527829380AE400581AC6 /* ContentView.swift */ = {isa = PBXFileReference; lastKnownFileType = sourcecode.swift; path = ContentView.swift; sourceTree = "<group>"; };
		B47B527A29380AE600581AC6 /* Assets.xcassets */ = {isa = PBXFileReference; lastKnownFileType = folder.assetcatalog; path = Assets.xcassets; sourceTree = "<group>"; };
		B47B527D29380AE600581AC6 /* Preview Assets.xcassets */ = {isa = PBXFileReference; lastKnownFileType = folder.assetcatalog; path = "Preview Assets.xcassets"; sourceTree = "<group>"; };
		B4C529EE293ECAB7004BF323 /* LoginButton.swift */ = {isa = PBXFileReference; lastKnownFileType = sourcecode.swift; path = LoginButton.swift; sourceTree = "<group>"; };
		B4C529F0293ECB71004BF323 /* MainView.swift */ = {isa = PBXFileReference; lastKnownFileType = sourcecode.swift; path = MainView.swift; sourceTree = "<group>"; };
/* End PBXFileReference section */

/* Begin PBXFrameworksBuildPhase section */
		B47B527029380AE400581AC6 /* Frameworks */ = {
			isa = PBXFrameworksBuildPhase;
			buildActionMask = 2147483647;
			files = (
				B41AD520293D22FF000FC583 /* FirebaseFirestoreSwift in Frameworks */,
				B41AD518293D22FF000FC583 /* FirebaseAuth in Frameworks */,
				B41AD51E293D22FF000FC583 /* FirebaseFirestoreCombine-Community in Frameworks */,
				B41AD51A293D22FF000FC583 /* FirebaseAuthCombine-Community in Frameworks */,
				B41AD51C293D22FF000FC583 /* FirebaseFirestore in Frameworks */,
			);
			runOnlyForDeploymentPostprocessing = 0;
		};
/* End PBXFrameworksBuildPhase section */

/* Begin PBXGroup section */
		B41AD50E293D1B99000FC583 /* Models */ = {
			isa = PBXGroup;
			children = (
			);
			path = Models;
			sourceTree = "<group>";
		};
		B41AD510293D1BA7000FC583 /* ModelViews */ = {
			isa = PBXGroup;
			children = (
			);
			path = ModelViews;
			sourceTree = "<group>";
		};
		B41AD511293D1BD4000FC583 /* Views */ = {
			isa = PBXGroup;
			children = (
				B41AD514293D2171000FC583 /* AuthenticationView.swift */,
				B453D828293D182B0043B3EF /* CartView.swift */,
				B453D82A293D18480043B3EF /* FoodPantryView.swift */,
				B453D82C293D189A0043B3EF /* SummaryView.swift */,
				48C66A15293DC7E700CFC4AA /* LoginView.swift */,
				48C66A31293EBF1300CFC4AA /* WelcomeView.swift */,
				B4C529F0293ECB71004BF323 /* MainView.swift */,
			);
			path = Views;
			sourceTree = "<group>";
		};
		B453D824293D15760043B3EF /* src */ = {
			isa = PBXGroup;
			children = (
				B41AD521293D238C000FC583 /* GoogleService-Info.plist */,
				B47B527629380AE400581AC6 /* Bear_MarketApp.swift */,
				B47B527829380AE400581AC6 /* ContentView.swift */,
				B453D82E293D19DD0043B3EF /* Components */,
				B41AD50E293D1B99000FC583 /* Models */,
				B41AD510293D1BA7000FC583 /* ModelViews */,
				B453D82F293D1A740043B3EF /* Repositories */,
				B453D831293D1A920043B3EF /* Services */,
				B41AD511293D1BD4000FC583 /* Views */,
			);
			path = src;
			sourceTree = "<group>";
		};
		B453D82E293D19DD0043B3EF /* Components */ = {
			isa = PBXGroup;
			children = (
				B453D81F293D15350043B3EF /* CustomCell.swift */,
				B4C529EE293ECAB7004BF323 /* LoginButton.swift */,
			);
			path = Components;
			sourceTree = "<group>";
		};
		B453D82F293D1A740043B3EF /* Repositories */ = {
			isa = PBXGroup;
			children = (
			);
			path = Repositories;
			sourceTree = "<group>";
		};
		B453D831293D1A920043B3EF /* Services */ = {
			isa = PBXGroup;
			children = (
				B41AD512293D1FDB000FC583 /* AuthenticationService.swift */,
			);
			path = Services;
			sourceTree = "<group>";
		};
		B47B526A29380AE400581AC6 = {
			isa = PBXGroup;
			children = (
				B47B527529380AE400581AC6 /* Bear Market */,
				B47B527429380AE400581AC6 /* Products */,
			);
			sourceTree = "<group>";
		};
		B47B527429380AE400581AC6 /* Products */ = {
			isa = PBXGroup;
			children = (
				B47B527329380AE400581AC6 /* Bear Market.app */,
			);
			name = Products;
			sourceTree = "<group>";
		};
		B47B527529380AE400581AC6 /* Bear Market */ = {
			isa = PBXGroup;
			children = (
				B453D824293D15760043B3EF /* src */,
				B47B527A29380AE600581AC6 /* Assets.xcassets */,
				B47B527C29380AE600581AC6 /* Preview Content */,
			);
			path = "Bear Market";
			sourceTree = "<group>";
		};
		B47B527C29380AE600581AC6 /* Preview Content */ = {
			isa = PBXGroup;
			children = (
				B47B527D29380AE600581AC6 /* Preview Assets.xcassets */,
			);
			path = "Preview Content";
			sourceTree = "<group>";
		};
/* End PBXGroup section */

/* Begin PBXNativeTarget section */
		B47B527229380AE400581AC6 /* Bear Market */ = {
			isa = PBXNativeTarget;
			buildConfigurationList = B47B528129380AE600581AC6 /* Build configuration list for PBXNativeTarget "Bear Market" */;
			buildPhases = (
				B47B526F29380AE400581AC6 /* Sources */,
				B47B527029380AE400581AC6 /* Frameworks */,
				B47B527129380AE400581AC6 /* Resources */,
			);
			buildRules = (
			);
			dependencies = (
			);
			name = "Bear Market";
			packageProductDependencies = (
				B41AD517293D22FF000FC583 /* FirebaseAuth */,
				B41AD519293D22FF000FC583 /* FirebaseAuthCombine-Community */,
				B41AD51B293D22FF000FC583 /* FirebaseFirestore */,
				B41AD51D293D22FF000FC583 /* FirebaseFirestoreCombine-Community */,
				B41AD51F293D22FF000FC583 /* FirebaseFirestoreSwift */,
			);
			productName = "Bear Market";
			productReference = B47B527329380AE400581AC6 /* Bear Market.app */;
			productType = "com.apple.product-type.application";
		};
/* End PBXNativeTarget section */

/* Begin PBXProject section */
		B47B526B29380AE400581AC6 /* Project object */ = {
			isa = PBXProject;
			attributes = {
				BuildIndependentTargetsInParallel = 1;
				LastSwiftUpdateCheck = 1410;
				LastUpgradeCheck = 1410;
				TargetAttributes = {
					B47B527229380AE400581AC6 = {
						CreatedOnToolsVersion = 14.1;
					};
				};
			};
			buildConfigurationList = B47B526E29380AE400581AC6 /* Build configuration list for PBXProject "Bear Market" */;
			compatibilityVersion = "Xcode 14.0";
			developmentRegion = en;
			hasScannedForEncodings = 0;
			knownRegions = (
				en,
				Base,
			);
			mainGroup = B47B526A29380AE400581AC6;
			packageReferences = (
				B41AD516293D22FF000FC583 /* XCRemoteSwiftPackageReference "firebase-ios-sdk" */,
			);
			productRefGroup = B47B527429380AE400581AC6 /* Products */;
			projectDirPath = "";
			projectRoot = "";
			targets = (
				B47B527229380AE400581AC6 /* Bear Market */,
			);
		};
/* End PBXProject section */

/* Begin PBXResourcesBuildPhase section */
		B47B527129380AE400581AC6 /* Resources */ = {
			isa = PBXResourcesBuildPhase;
			buildActionMask = 2147483647;
			files = (
				B47B527E29380AE600581AC6 /* Preview Assets.xcassets in Resources */,
				B47B527B29380AE600581AC6 /* Assets.xcassets in Resources */,
				B41AD522293D238D000FC583 /* GoogleService-Info.plist in Resources */,
			);
			runOnlyForDeploymentPostprocessing = 0;
		};
/* End PBXResourcesBuildPhase section */

/* Begin PBXSourcesBuildPhase section */
		B47B526F29380AE400581AC6 /* Sources */ = {
			isa = PBXSourcesBuildPhase;
			buildActionMask = 2147483647;
			files = (
				B4C529EF293ECAB7004BF323 /* LoginButton.swift in Sources */,
				B4C529F1293ECB71004BF323 /* MainView.swift in Sources */,
				B47B527929380AE400581AC6 /* ContentView.swift in Sources */,
				B453D82D293D189A0043B3EF /* SummaryView.swift in Sources */,
				B453D82B293D18480043B3EF /* FoodPantryView.swift in Sources */,
				48C66A16293DC7E700CFC4AA /* LoginView.swift in Sources */,
				B453D829293D182B0043B3EF /* CartView.swift in Sources */,
				48C66A32293EBF1300CFC4AA /* WelcomeView.swift in Sources */,
				B47B527729380AE400581AC6 /* Bear_MarketApp.swift in Sources */,
				B453D823293D15350043B3EF /* CustomCell.swift in Sources */,
				B41AD515293D2171000FC583 /* AuthenticationView.swift in Sources */,
				B41AD513293D1FDC000FC583 /* AuthenticationService.swift in Sources */,
			);
			runOnlyForDeploymentPostprocessing = 0;
		};
/* End PBXSourcesBuildPhase section */

/* Begin XCBuildConfiguration section */
		B47B527F29380AE600581AC6 /* Debug */ = {
			isa = XCBuildConfiguration;
			buildSettings = {
				ALWAYS_SEARCH_USER_PATHS = NO;
				CLANG_ANALYZER_NONNULL = YES;
				CLANG_ANALYZER_NUMBER_OBJECT_CONVERSION = YES_AGGRESSIVE;
				CLANG_CXX_LANGUAGE_STANDARD = "gnu++20";
				CLANG_ENABLE_MODULES = YES;
				CLANG_ENABLE_OBJC_ARC = YES;
				CLANG_ENABLE_OBJC_WEAK = YES;
				CLANG_WARN_BLOCK_CAPTURE_AUTORELEASING = YES;
				CLANG_WARN_BOOL_CONVERSION = YES;
				CLANG_WARN_COMMA = YES;
				CLANG_WARN_CONSTANT_CONVERSION = YES;
				CLANG_WARN_DEPRECATED_OBJC_IMPLEMENTATIONS = YES;
				CLANG_WARN_DIRECT_OBJC_ISA_USAGE = YES_ERROR;
				CLANG_WARN_DOCUMENTATION_COMMENTS = YES;
				CLANG_WARN_EMPTY_BODY = YES;
				CLANG_WARN_ENUM_CONVERSION = YES;
				CLANG_WARN_INFINITE_RECURSION = YES;
				CLANG_WARN_INT_CONVERSION = YES;
				CLANG_WARN_NON_LITERAL_NULL_CONVERSION = YES;
				CLANG_WARN_OBJC_IMPLICIT_RETAIN_SELF = YES;
				CLANG_WARN_OBJC_LITERAL_CONVERSION = YES;
				CLANG_WARN_OBJC_ROOT_CLASS = YES_ERROR;
				CLANG_WARN_QUOTED_INCLUDE_IN_FRAMEWORK_HEADER = YES;
				CLANG_WARN_RANGE_LOOP_ANALYSIS = YES;
				CLANG_WARN_STRICT_PROTOTYPES = YES;
				CLANG_WARN_SUSPICIOUS_MOVE = YES;
				CLANG_WARN_UNGUARDED_AVAILABILITY = YES_AGGRESSIVE;
				CLANG_WARN_UNREACHABLE_CODE = YES;
				CLANG_WARN__DUPLICATE_METHOD_MATCH = YES;
				COPY_PHASE_STRIP = NO;
				DEBUG_INFORMATION_FORMAT = dwarf;
				ENABLE_STRICT_OBJC_MSGSEND = YES;
				ENABLE_TESTABILITY = YES;
				GCC_C_LANGUAGE_STANDARD = gnu11;
				GCC_DYNAMIC_NO_PIC = NO;
				GCC_NO_COMMON_BLOCKS = YES;
				GCC_OPTIMIZATION_LEVEL = 0;
				GCC_PREPROCESSOR_DEFINITIONS = (
					"DEBUG=1",
					"$(inherited)",
				);
				GCC_WARN_64_TO_32_BIT_CONVERSION = YES;
				GCC_WARN_ABOUT_RETURN_TYPE = YES_ERROR;
				GCC_WARN_UNDECLARED_SELECTOR = YES;
				GCC_WARN_UNINITIALIZED_AUTOS = YES_AGGRESSIVE;
				GCC_WARN_UNUSED_FUNCTION = YES;
				GCC_WARN_UNUSED_VARIABLE = YES;
				IPHONEOS_DEPLOYMENT_TARGET = 14.0;
				MTL_ENABLE_DEBUG_INFO = INCLUDE_SOURCE;
				MTL_FAST_MATH = YES;
				ONLY_ACTIVE_ARCH = YES;
				SDKROOT = iphoneos;
				SWIFT_ACTIVE_COMPILATION_CONDITIONS = DEBUG;
				SWIFT_OPTIMIZATION_LEVEL = "-Onone";
			};
			name = Debug;
		};
		B47B528029380AE600581AC6 /* Release */ = {
			isa = XCBuildConfiguration;
			buildSettings = {
				ALWAYS_SEARCH_USER_PATHS = NO;
				CLANG_ANALYZER_NONNULL = YES;
				CLANG_ANALYZER_NUMBER_OBJECT_CONVERSION = YES_AGGRESSIVE;
				CLANG_CXX_LANGUAGE_STANDARD = "gnu++20";
				CLANG_ENABLE_MODULES = YES;
				CLANG_ENABLE_OBJC_ARC = YES;
				CLANG_ENABLE_OBJC_WEAK = YES;
				CLANG_WARN_BLOCK_CAPTURE_AUTORELEASING = YES;
				CLANG_WARN_BOOL_CONVERSION = YES;
				CLANG_WARN_COMMA = YES;
				CLANG_WARN_CONSTANT_CONVERSION = YES;
				CLANG_WARN_DEPRECATED_OBJC_IMPLEMENTATIONS = YES;
				CLANG_WARN_DIRECT_OBJC_ISA_USAGE = YES_ERROR;
				CLANG_WARN_DOCUMENTATION_COMMENTS = YES;
				CLANG_WARN_EMPTY_BODY = YES;
				CLANG_WARN_ENUM_CONVERSION = YES;
				CLANG_WARN_INFINITE_RECURSION = YES;
				CLANG_WARN_INT_CONVERSION = YES;
				CLANG_WARN_NON_LITERAL_NULL_CONVERSION = YES;
				CLANG_WARN_OBJC_IMPLICIT_RETAIN_SELF = YES;
				CLANG_WARN_OBJC_LITERAL_CONVERSION = YES;
				CLANG_WARN_OBJC_ROOT_CLASS = YES_ERROR;
				CLANG_WARN_QUOTED_INCLUDE_IN_FRAMEWORK_HEADER = YES;
				CLANG_WARN_RANGE_LOOP_ANALYSIS = YES;
				CLANG_WARN_STRICT_PROTOTYPES = YES;
				CLANG_WARN_SUSPICIOUS_MOVE = YES;
				CLANG_WARN_UNGUARDED_AVAILABILITY = YES_AGGRESSIVE;
				CLANG_WARN_UNREACHABLE_CODE = YES;
				CLANG_WARN__DUPLICATE_METHOD_MATCH = YES;
				COPY_PHASE_STRIP = NO;
				DEBUG_INFORMATION_FORMAT = "dwarf-with-dsym";
				ENABLE_NS_ASSERTIONS = NO;
				ENABLE_STRICT_OBJC_MSGSEND = YES;
				GCC_C_LANGUAGE_STANDARD = gnu11;
				GCC_NO_COMMON_BLOCKS = YES;
				GCC_WARN_64_TO_32_BIT_CONVERSION = YES;
				GCC_WARN_ABOUT_RETURN_TYPE = YES_ERROR;
				GCC_WARN_UNDECLARED_SELECTOR = YES;
				GCC_WARN_UNINITIALIZED_AUTOS = YES_AGGRESSIVE;
				GCC_WARN_UNUSED_FUNCTION = YES;
				GCC_WARN_UNUSED_VARIABLE = YES;
				IPHONEOS_DEPLOYMENT_TARGET = 14.0;
				MTL_ENABLE_DEBUG_INFO = NO;
				MTL_FAST_MATH = YES;
				SDKROOT = iphoneos;
				SWIFT_COMPILATION_MODE = wholemodule;
				SWIFT_OPTIMIZATION_LEVEL = "-O";
				VALIDATE_PRODUCT = YES;
			};
			name = Release;
		};
		B47B528229380AE600581AC6 /* Debug */ = {
			isa = XCBuildConfiguration;
			buildSettings = {
				ASSETCATALOG_COMPILER_APPICON_NAME = AppIcon;
				ASSETCATALOG_COMPILER_GLOBAL_ACCENT_COLOR_NAME = AccentColor;
				CODE_SIGN_STYLE = Automatic;
				CURRENT_PROJECT_VERSION = 1;
				DEVELOPMENT_ASSET_PATHS = "\"Bear Market/Preview Content\"";
				ENABLE_PREVIEWS = YES;
				GENERATE_INFOPLIST_FILE = YES;
				INFOPLIST_KEY_UIApplicationSceneManifest_Generation = YES;
				INFOPLIST_KEY_UIApplicationSupportsIndirectInputEvents = YES;
				INFOPLIST_KEY_UILaunchScreen_Generation = YES;
				INFOPLIST_KEY_UISupportedInterfaceOrientations_iPad = "UIInterfaceOrientationPortrait UIInterfaceOrientationPortraitUpsideDown UIInterfaceOrientationLandscapeLeft UIInterfaceOrientationLandscapeRight";
				INFOPLIST_KEY_UISupportedInterfaceOrientations_iPhone = "UIInterfaceOrientationPortrait UIInterfaceOrientationLandscapeLeft UIInterfaceOrientationLandscapeRight";
				LD_RUNPATH_SEARCH_PATHS = (
					"$(inherited)",
					"@executable_path/Frameworks",
				);
				MARKETING_VERSION = 1.0;
				PRODUCT_BUNDLE_IDENTIFIER = "com.bmkt.Bear-Market";
				PRODUCT_NAME = "$(TARGET_NAME)";
				SWIFT_EMIT_LOC_STRINGS = YES;
				SWIFT_VERSION = 5.0;
				TARGETED_DEVICE_FAMILY = "1,2";
			};
			name = Debug;
		};
		B47B528329380AE600581AC6 /* Release */ = {
			isa = XCBuildConfiguration;
			buildSettings = {
				ASSETCATALOG_COMPILER_APPICON_NAME = AppIcon;
				ASSETCATALOG_COMPILER_GLOBAL_ACCENT_COLOR_NAME = AccentColor;
				CODE_SIGN_STYLE = Automatic;
				CURRENT_PROJECT_VERSION = 1;
				DEVELOPMENT_ASSET_PATHS = "\"Bear Market/Preview Content\"";
				ENABLE_PREVIEWS = YES;
				GENERATE_INFOPLIST_FILE = YES;
				INFOPLIST_KEY_UIApplicationSceneManifest_Generation = YES;
				INFOPLIST_KEY_UIApplicationSupportsIndirectInputEvents = YES;
				INFOPLIST_KEY_UILaunchScreen_Generation = YES;
				INFOPLIST_KEY_UISupportedInterfaceOrientations_iPad = "UIInterfaceOrientationPortrait UIInterfaceOrientationPortraitUpsideDown UIInterfaceOrientationLandscapeLeft UIInterfaceOrientationLandscapeRight";
				INFOPLIST_KEY_UISupportedInterfaceOrientations_iPhone = "UIInterfaceOrientationPortrait UIInterfaceOrientationLandscapeLeft UIInterfaceOrientationLandscapeRight";
				LD_RUNPATH_SEARCH_PATHS = (
					"$(inherited)",
					"@executable_path/Frameworks",
				);
				MARKETING_VERSION = 1.0;
				PRODUCT_BUNDLE_IDENTIFIER = "com.bmkt.Bear-Market";
				PRODUCT_NAME = "$(TARGET_NAME)";
				SWIFT_EMIT_LOC_STRINGS = YES;
				SWIFT_VERSION = 5.0;
				TARGETED_DEVICE_FAMILY = "1,2";
			};
			name = Release;
		};
/* End XCBuildConfiguration section */

/* Begin XCConfigurationList section */
		B47B526E29380AE400581AC6 /* Build configuration list for PBXProject "Bear Market" */ = {
			isa = XCConfigurationList;
			buildConfigurations = (
				B47B527F29380AE600581AC6 /* Debug */,
				B47B528029380AE600581AC6 /* Release */,
			);
			defaultConfigurationIsVisible = 0;
			defaultConfigurationName = Release;
		};
		B47B528129380AE600581AC6 /* Build configuration list for PBXNativeTarget "Bear Market" */ = {
			isa = XCConfigurationList;
			buildConfigurations = (
				B47B528229380AE600581AC6 /* Debug */,
				B47B528329380AE600581AC6 /* Release */,
			);
			defaultConfigurationIsVisible = 0;
			defaultConfigurationName = Release;
		};
/* End XCConfigurationList section */

/* Begin XCRemoteSwiftPackageReference section */
		B41AD516293D22FF000FC583 /* XCRemoteSwiftPackageReference "firebase-ios-sdk" */ = {
			isa = XCRemoteSwiftPackageReference;
			repositoryURL = "https://github.com/firebase/firebase-ios-sdk";
			requirement = {
				branch = master;
				kind = branch;
			};
		};
/* End XCRemoteSwiftPackageReference section */

/* Begin XCSwiftPackageProductDependency section */
		B41AD517293D22FF000FC583 /* FirebaseAuth */ = {
			isa = XCSwiftPackageProductDependency;
			package = B41AD516293D22FF000FC583 /* XCRemoteSwiftPackageReference "firebase-ios-sdk" */;
			productName = FirebaseAuth;
		};
		B41AD519293D22FF000FC583 /* FirebaseAuthCombine-Community */ = {
			isa = XCSwiftPackageProductDependency;
			package = B41AD516293D22FF000FC583 /* XCRemoteSwiftPackageReference "firebase-ios-sdk" */;
			productName = "FirebaseAuthCombine-Community";
		};
		B41AD51B293D22FF000FC583 /* FirebaseFirestore */ = {
			isa = XCSwiftPackageProductDependency;
			package = B41AD516293D22FF000FC583 /* XCRemoteSwiftPackageReference "firebase-ios-sdk" */;
			productName = FirebaseFirestore;
		};
		B41AD51D293D22FF000FC583 /* FirebaseFirestoreCombine-Community */ = {
			isa = XCSwiftPackageProductDependency;
			package = B41AD516293D22FF000FC583 /* XCRemoteSwiftPackageReference "firebase-ios-sdk" */;
			productName = "FirebaseFirestoreCombine-Community";
		};
		B41AD51F293D22FF000FC583 /* FirebaseFirestoreSwift */ = {
			isa = XCSwiftPackageProductDependency;
			package = B41AD516293D22FF000FC583 /* XCRemoteSwiftPackageReference "firebase-ios-sdk" */;
			productName = FirebaseFirestoreSwift;
		};
/* End XCSwiftPackageProductDependency section */
	};
	rootObject = B47B526B29380AE400581AC6 /* Project object */;
}
